// !$*UTF8*$!
{
	archiveVersion = 1;
	classes = {
	};
	objectVersion = 55;
	objects = {

/* Begin PBXBuildFile section */
		230E09C028E27ADB004AE494 /* LoginViewModel.swift in Sources */ = {isa = PBXBuildFile; fileRef = 230E09BF28E27ADB004AE494 /* LoginViewModel.swift */; };
		230E09C828E27C01004AE494 /* HeroesTableViewModel.swift in Sources */ = {isa = PBXBuildFile; fileRef = 230E09C728E27C01004AE494 /* HeroesTableViewModel.swift */; };
		230E09CE28E27C89004AE494 /* DetailViewModel.swift in Sources */ = {isa = PBXBuildFile; fileRef = 230E09CD28E27C89004AE494 /* DetailViewModel.swift */; };
		230E09D028E27CB8004AE494 /* TransformationsTableViewModel.swift in Sources */ = {isa = PBXBuildFile; fileRef = 230E09CF28E27CB8004AE494 /* TransformationsTableViewModel.swift */; };
		230E884728C04295007155BA /* AppDelegate.swift in Sources */ = {isa = PBXBuildFile; fileRef = 230E884628C04295007155BA /* AppDelegate.swift */; };
		230E884928C04295007155BA /* SceneDelegate.swift in Sources */ = {isa = PBXBuildFile; fileRef = 230E884828C04295007155BA /* SceneDelegate.swift */; };
		230E885028C04296007155BA /* Assets.xcassets in Resources */ = {isa = PBXBuildFile; fileRef = 230E884F28C04296007155BA /* Assets.xcassets */; };
		230E885328C04296007155BA /* LaunchScreen.storyboard in Resources */ = {isa = PBXBuildFile; fileRef = 230E885128C04296007155BA /* LaunchScreen.storyboard */; };
		2311CEE428D635C300C3AFEC /* URLSessionMock.swift in Sources */ = {isa = PBXBuildFile; fileRef = 2311CEE328D635C300C3AFEC /* URLSessionMock.swift */; };
		231F58D728E27F4500C4AF6F /* KeychainSwift in Frameworks */ = {isa = PBXBuildFile; productRef = 231F58D628E27F4500C4AF6F /* KeychainSwift */; };
		234AB70328CEA76B00562E81 /* TableViewCell.swift in Sources */ = {isa = PBXBuildFile; fileRef = 234AB70128CEA76B00562E81 /* TableViewCell.swift */; };
		234AB70428CEA76B00562E81 /* TableViewCell.xib in Resources */ = {isa = PBXBuildFile; fileRef = 234AB70228CEA76B00562E81 /* TableViewCell.xib */; };
		23532BFC28CEB9AE00C23C60 /* DetailViewController.swift in Sources */ = {isa = PBXBuildFile; fileRef = 23532BFA28CEB9AE00C23C60 /* DetailViewController.swift */; };
		23532BFD28CEB9AE00C23C60 /* DetailViewController.xib in Resources */ = {isa = PBXBuildFile; fileRef = 23532BFB28CEB9AE00C23C60 /* DetailViewController.xib */; };
		235A9BA928CF92E20055BCA5 /* HeroModel.swift in Sources */ = {isa = PBXBuildFile; fileRef = 235A9BA828CF92E20055BCA5 /* HeroModel.swift */; };
		235A9BAB28CF956B0055BCA5 /* UIImageViewExtension.swift in Sources */ = {isa = PBXBuildFile; fileRef = 235A9BAA28CF956B0055BCA5 /* UIImageViewExtension.swift */; };
		235A9BAD28CFA2AF0055BCA5 /* NetworkModel.swift in Sources */ = {isa = PBXBuildFile; fileRef = 235A9BAC28CFA2AF0055BCA5 /* NetworkModel.swift */; };
		2364F6E428D4CF160077D7A1 /* NetworkModelTests.swift in Sources */ = {isa = PBXBuildFile; fileRef = 2364F6E328D4CF160077D7A1 /* NetworkModelTests.swift */; };
		236BD51428CE9C7400687773 /* LoginViewController.swift in Sources */ = {isa = PBXBuildFile; fileRef = 236BD51228CE9C7400687773 /* LoginViewController.swift */; };
		236BD51528CE9C7400687773 /* LoginViewController.xib in Resources */ = {isa = PBXBuildFile; fileRef = 236BD51328CE9C7400687773 /* LoginViewController.xib */; };
		236BD51828CEA3AD00687773 /* HeroesTableViewController.swift in Sources */ = {isa = PBXBuildFile; fileRef = 236BD51628CEA3AD00687773 /* HeroesTableViewController.swift */; };
		236BD51928CEA3AD00687773 /* HeroesTableViewController.xib in Resources */ = {isa = PBXBuildFile; fileRef = 236BD51728CEA3AD00687773 /* HeroesTableViewController.xib */; };
		237C1F8A28D156710011ED29 /* CustomTabBarController.swift in Sources */ = {isa = PBXBuildFile; fileRef = 237C1F8928D156710011ED29 /* CustomTabBarController.swift */; };
		237C1F8D28D156A90011ED29 /* SettingsViewController.swift in Sources */ = {isa = PBXBuildFile; fileRef = 237C1F8B28D156A90011ED29 /* SettingsViewController.swift */; };
		237C1F8E28D156A90011ED29 /* SettingsViewController.xib in Resources */ = {isa = PBXBuildFile; fileRef = 237C1F8C28D156A90011ED29 /* SettingsViewController.xib */; };
		237C1F9028D15CCE0011ED29 /* TransformationModel.swift in Sources */ = {isa = PBXBuildFile; fileRef = 237C1F8F28D15CCE0011ED29 /* TransformationModel.swift */; };
		237C1F9328D160B50011ED29 /* TransformationsTableViewController.swift in Sources */ = {isa = PBXBuildFile; fileRef = 237C1F9128D160B50011ED29 /* TransformationsTableViewController.swift */; };
		237C1F9428D160B50011ED29 /* TransformationsTableViewController.xib in Resources */ = {isa = PBXBuildFile; fileRef = 237C1F9228D160B50011ED29 /* TransformationsTableViewController.xib */; };
		238E0DA328E1C6570065AA65 /* CoreDataManager.swift in Sources */ = {isa = PBXBuildFile; fileRef = 238E0DA228E1C6570065AA65 /* CoreDataManager.swift */; };
		238E0DA628E1DA1A0065AA65 /* CDTransformation+CoreDataClass.swift in Sources */ = {isa = PBXBuildFile; fileRef = 238E0DA428E1DA1A0065AA65 /* CDTransformation+CoreDataClass.swift */; };
		238E0DA728E1DA1A0065AA65 /* CDTransformation+CoreDataProperties.swift in Sources */ = {isa = PBXBuildFile; fileRef = 238E0DA528E1DA1A0065AA65 /* CDTransformation+CoreDataProperties.swift */; };
		238E0DAB28E1DA870065AA65 /* CDHero+CoreDataProperties.swift in Sources */ = {isa = PBXBuildFile; fileRef = 238E0DAA28E1DA870065AA65 /* CDHero+CoreDataProperties.swift */; };
		23957CB428D422F30049F1B5 /* LocalDataModelTets.swift in Sources */ = {isa = PBXBuildFile; fileRef = 23957CB328D422F30049F1B5 /* LocalDataModelTets.swift */; };
		23B190B028D020CE00CA88BD /* LocalDataModel.swift in Sources */ = {isa = PBXBuildFile; fileRef = 23B190AF28D020CE00CA88BD /* LocalDataModel.swift */; };
		23B609D928D55A0300E526E6 /* UIViewControllerExtension.swift in Sources */ = {isa = PBXBuildFile; fileRef = 23B609D828D55A0300E526E6 /* UIViewControllerExtension.swift */; };
		23B609E728D57D3C00E526E6 /* noTransformations.json in Resources */ = {isa = PBXBuildFile; fileRef = 23B609E328D57D3B00E526E6 /* noTransformations.json */; };
		23B609E828D57D3C00E526E6 /* heroes.json in Resources */ = {isa = PBXBuildFile; fileRef = 23B609E428D57D3C00E526E6 /* heroes.json */; };
		23B609E928D57D3C00E526E6 /* transformations.json in Resources */ = {isa = PBXBuildFile; fileRef = 23B609E528D57D3C00E526E6 /* transformations.json */; };
		23B609EA28D57D3C00E526E6 /* noHeroes.json in Resources */ = {isa = PBXBuildFile; fileRef = 23B609E628D57D3C00E526E6 /* noHeroes.json */; };
		23E1D29428E13FA2006C7AC0 /* DBZ.xcdatamodeld in Sources */ = {isa = PBXBuildFile; fileRef = 23E1D29228E13FA2006C7AC0 /* DBZ.xcdatamodeld */; };
		23E1D29728E141C3006C7AC0 /* CDHero+CoreDataClass.swift in Sources */ = {isa = PBXBuildFile; fileRef = 23E1D29528E141C3006C7AC0 /* CDHero+CoreDataClass.swift */; };
/* End PBXBuildFile section */

/* Begin PBXContainerItemProxy section */
		230E885A28C04296007155BA /* PBXContainerItemProxy */ = {
			isa = PBXContainerItemProxy;
			containerPortal = 230E883B28C04295007155BA /* Project object */;
			proxyType = 1;
			remoteGlobalIDString = 230E884228C04295007155BA;
			remoteInfo = PracticaFundamentosiOS;
		};
/* End PBXContainerItemProxy section */

/* Begin PBXFileReference section */
		230E09BF28E27ADB004AE494 /* LoginViewModel.swift */ = {isa = PBXFileReference; lastKnownFileType = sourcecode.swift; path = LoginViewModel.swift; sourceTree = "<group>"; };
		230E09C728E27C01004AE494 /* HeroesTableViewModel.swift */ = {isa = PBXFileReference; lastKnownFileType = sourcecode.swift; path = HeroesTableViewModel.swift; sourceTree = "<group>"; };
		230E09CD28E27C89004AE494 /* DetailViewModel.swift */ = {isa = PBXFileReference; lastKnownFileType = sourcecode.swift; path = DetailViewModel.swift; sourceTree = "<group>"; };
		230E09CF28E27CB8004AE494 /* TransformationsTableViewModel.swift */ = {isa = PBXFileReference; lastKnownFileType = sourcecode.swift; path = TransformationsTableViewModel.swift; sourceTree = "<group>"; };
		230E884328C04295007155BA /* PracticaiOSAvanzado.app */ = {isa = PBXFileReference; explicitFileType = wrapper.application; includeInIndex = 0; path = PracticaiOSAvanzado.app; sourceTree = BUILT_PRODUCTS_DIR; };
		230E884628C04295007155BA /* AppDelegate.swift */ = {isa = PBXFileReference; lastKnownFileType = sourcecode.swift; path = AppDelegate.swift; sourceTree = "<group>"; };
		230E884828C04295007155BA /* SceneDelegate.swift */ = {isa = PBXFileReference; lastKnownFileType = sourcecode.swift; path = SceneDelegate.swift; sourceTree = "<group>"; };
		230E884F28C04296007155BA /* Assets.xcassets */ = {isa = PBXFileReference; lastKnownFileType = folder.assetcatalog; path = Assets.xcassets; sourceTree = "<group>"; };
		230E885228C04296007155BA /* Base */ = {isa = PBXFileReference; lastKnownFileType = file.storyboard; name = Base; path = Base.lproj/LaunchScreen.storyboard; sourceTree = "<group>"; };
		230E885428C04296007155BA /* Info.plist */ = {isa = PBXFileReference; lastKnownFileType = text.plist.xml; path = Info.plist; sourceTree = "<group>"; };
		230E885928C04296007155BA /* PracticaiOSAvanzadoTests.xctest */ = {isa = PBXFileReference; explicitFileType = wrapper.cfbundle; includeInIndex = 0; path = PracticaiOSAvanzadoTests.xctest; sourceTree = BUILT_PRODUCTS_DIR; };
		2311CEE328D635C300C3AFEC /* URLSessionMock.swift */ = {isa = PBXFileReference; lastKnownFileType = sourcecode.swift; path = URLSessionMock.swift; sourceTree = "<group>"; };
		234AB70128CEA76B00562E81 /* TableViewCell.swift */ = {isa = PBXFileReference; lastKnownFileType = sourcecode.swift; path = TableViewCell.swift; sourceTree = "<group>"; };
		234AB70228CEA76B00562E81 /* TableViewCell.xib */ = {isa = PBXFileReference; lastKnownFileType = file.xib; path = TableViewCell.xib; sourceTree = "<group>"; };
		23532BFA28CEB9AE00C23C60 /* DetailViewController.swift */ = {isa = PBXFileReference; lastKnownFileType = sourcecode.swift; path = DetailViewController.swift; sourceTree = "<group>"; };
		23532BFB28CEB9AE00C23C60 /* DetailViewController.xib */ = {isa = PBXFileReference; lastKnownFileType = file.xib; path = DetailViewController.xib; sourceTree = "<group>"; };
		235A9BA828CF92E20055BCA5 /* HeroModel.swift */ = {isa = PBXFileReference; lastKnownFileType = sourcecode.swift; path = HeroModel.swift; sourceTree = "<group>"; };
		235A9BAA28CF956B0055BCA5 /* UIImageViewExtension.swift */ = {isa = PBXFileReference; lastKnownFileType = sourcecode.swift; path = UIImageViewExtension.swift; sourceTree = "<group>"; };
		235A9BAC28CFA2AF0055BCA5 /* NetworkModel.swift */ = {isa = PBXFileReference; lastKnownFileType = sourcecode.swift; path = NetworkModel.swift; sourceTree = "<group>"; };
		2364F6E328D4CF160077D7A1 /* NetworkModelTests.swift */ = {isa = PBXFileReference; lastKnownFileType = sourcecode.swift; path = NetworkModelTests.swift; sourceTree = "<group>"; };
		236BD51228CE9C7400687773 /* LoginViewController.swift */ = {isa = PBXFileReference; lastKnownFileType = sourcecode.swift; path = LoginViewController.swift; sourceTree = "<group>"; };
		236BD51328CE9C7400687773 /* LoginViewController.xib */ = {isa = PBXFileReference; lastKnownFileType = file.xib; path = LoginViewController.xib; sourceTree = "<group>"; };
		236BD51628CEA3AD00687773 /* HeroesTableViewController.swift */ = {isa = PBXFileReference; lastKnownFileType = sourcecode.swift; path = HeroesTableViewController.swift; sourceTree = "<group>"; };
		236BD51728CEA3AD00687773 /* HeroesTableViewController.xib */ = {isa = PBXFileReference; lastKnownFileType = file.xib; path = HeroesTableViewController.xib; sourceTree = "<group>"; };
		237C1F8928D156710011ED29 /* CustomTabBarController.swift */ = {isa = PBXFileReference; lastKnownFileType = sourcecode.swift; path = CustomTabBarController.swift; sourceTree = "<group>"; };
		237C1F8B28D156A90011ED29 /* SettingsViewController.swift */ = {isa = PBXFileReference; lastKnownFileType = sourcecode.swift; path = SettingsViewController.swift; sourceTree = "<group>"; };
		237C1F8C28D156A90011ED29 /* SettingsViewController.xib */ = {isa = PBXFileReference; lastKnownFileType = file.xib; path = SettingsViewController.xib; sourceTree = "<group>"; };
		237C1F8F28D15CCE0011ED29 /* TransformationModel.swift */ = {isa = PBXFileReference; lastKnownFileType = sourcecode.swift; path = TransformationModel.swift; sourceTree = "<group>"; };
		237C1F9128D160B50011ED29 /* TransformationsTableViewController.swift */ = {isa = PBXFileReference; lastKnownFileType = sourcecode.swift; path = TransformationsTableViewController.swift; sourceTree = "<group>"; };
		237C1F9228D160B50011ED29 /* TransformationsTableViewController.xib */ = {isa = PBXFileReference; lastKnownFileType = file.xib; path = TransformationsTableViewController.xib; sourceTree = "<group>"; };
		238E0DA228E1C6570065AA65 /* CoreDataManager.swift */ = {isa = PBXFileReference; lastKnownFileType = sourcecode.swift; path = CoreDataManager.swift; sourceTree = "<group>"; };
		238E0DA428E1DA1A0065AA65 /* CDTransformation+CoreDataClass.swift */ = {isa = PBXFileReference; lastKnownFileType = sourcecode.swift; path = "CDTransformation+CoreDataClass.swift"; sourceTree = "<group>"; };
		238E0DA528E1DA1A0065AA65 /* CDTransformation+CoreDataProperties.swift */ = {isa = PBXFileReference; lastKnownFileType = sourcecode.swift; path = "CDTransformation+CoreDataProperties.swift"; sourceTree = "<group>"; };
		238E0DAA28E1DA870065AA65 /* CDHero+CoreDataProperties.swift */ = {isa = PBXFileReference; lastKnownFileType = sourcecode.swift; path = "CDHero+CoreDataProperties.swift"; sourceTree = "<group>"; };
		23957CB328D422F30049F1B5 /* LocalDataModelTets.swift */ = {isa = PBXFileReference; lastKnownFileType = sourcecode.swift; path = LocalDataModelTets.swift; sourceTree = "<group>"; };
		23B190AF28D020CE00CA88BD /* LocalDataModel.swift */ = {isa = PBXFileReference; lastKnownFileType = sourcecode.swift; path = LocalDataModel.swift; sourceTree = "<group>"; };
		23B609D828D55A0300E526E6 /* UIViewControllerExtension.swift */ = {isa = PBXFileReference; lastKnownFileType = sourcecode.swift; path = UIViewControllerExtension.swift; sourceTree = "<group>"; };
		23B609E328D57D3B00E526E6 /* noTransformations.json */ = {isa = PBXFileReference; fileEncoding = 4; lastKnownFileType = text.json; path = noTransformations.json; sourceTree = "<group>"; };
		23B609E428D57D3C00E526E6 /* heroes.json */ = {isa = PBXFileReference; fileEncoding = 4; lastKnownFileType = text.json; path = heroes.json; sourceTree = "<group>"; };
		23B609E528D57D3C00E526E6 /* transformations.json */ = {isa = PBXFileReference; fileEncoding = 4; lastKnownFileType = text.json; path = transformations.json; sourceTree = "<group>"; };
		23B609E628D57D3C00E526E6 /* noHeroes.json */ = {isa = PBXFileReference; fileEncoding = 4; lastKnownFileType = text.json; path = noHeroes.json; sourceTree = "<group>"; };
		23E1D29328E13FA2006C7AC0 /* DBZ.xcdatamodel */ = {isa = PBXFileReference; lastKnownFileType = wrapper.xcdatamodel; path = DBZ.xcdatamodel; sourceTree = "<group>"; };
		23E1D29528E141C3006C7AC0 /* CDHero+CoreDataClass.swift */ = {isa = PBXFileReference; lastKnownFileType = sourcecode.swift; path = "CDHero+CoreDataClass.swift"; sourceTree = "<group>"; };
/* End PBXFileReference section */

/* Begin PBXFrameworksBuildPhase section */
		230E884028C04295007155BA /* Frameworks */ = {
			isa = PBXFrameworksBuildPhase;
			buildActionMask = 2147483647;
			files = (
				231F58D728E27F4500C4AF6F /* KeychainSwift in Frameworks */,
			);
			runOnlyForDeploymentPostprocessing = 0;
		};
		230E885628C04296007155BA /* Frameworks */ = {
			isa = PBXFrameworksBuildPhase;
			buildActionMask = 2147483647;
			files = (
			);
			runOnlyForDeploymentPostprocessing = 0;
		};
/* End PBXFrameworksBuildPhase section */

/* Begin PBXGroup section */
		230E09B728E27992004AE494 /* UI */ = {
			isa = PBXGroup;
			children = (
				230E09D128E27CF0004AE494 /* CustomTabBar */,
				230E09C528E27B71004AE494 /* Settings */,
				230E09B828E279A9004AE494 /* Login */,
				230E09B928E279B1004AE494 /* Heroes */,
				230E09BA28E279C4004AE494 /* Detail */,
				230E09BB28E279E5004AE494 /* Transformations */,
			);
			path = UI;
			sourceTree = "<group>";
		};
		230E09B828E279A9004AE494 /* Login */ = {
			isa = PBXGroup;
			children = (
				230E09BD28E27A9F004AE494 /* Views */,
				230E09BE28E27AA6004AE494 /* ViewModels */,
			);
			path = Login;
			sourceTree = "<group>";
		};
		230E09B928E279B1004AE494 /* Heroes */ = {
			isa = PBXGroup;
			children = (
				230E09C128E27B0B004AE494 /* Models */,
				230E09C228E27B13004AE494 /* Views */,
				236BD51728CEA3AD00687773 /* HeroesTableViewController.xib */,
				236BD51628CEA3AD00687773 /* HeroesTableViewController.swift */,
				230E09C328E27B19004AE494 /* ViewModels */,
			);
			path = Heroes;
			sourceTree = "<group>";
		};
		230E09BA28E279C4004AE494 /* Detail */ = {
			isa = PBXGroup;
			children = (
				236BD50E28CE9C2200687773 /* Views */,
				230E09CC28E27C6D004AE494 /* ViewModels */,
			);
			path = Detail;
			sourceTree = "<group>";
		};
		230E09BB28E279E5004AE494 /* Transformations */ = {
			isa = PBXGroup;
			children = (
				230E09C928E27C57004AE494 /* Models */,
				230E09CA28E27C5B004AE494 /* Views */,
				230E09CB28E27C62004AE494 /* ViewModels */,
			);
			path = Transformations;
			sourceTree = "<group>";
		};
		230E09BC28E27A68004AE494 /* Domain */ = {
			isa = PBXGroup;
			children = (
				23E1D29128E13F5C006C7AC0 /* CoreData */,
				236BD50D28CE9C1A00687773 /* Models */,
			);
			path = Domain;
			sourceTree = "<group>";
		};
		230E09BD28E27A9F004AE494 /* Views */ = {
			isa = PBXGroup;
			children = (
				236BD51328CE9C7400687773 /* LoginViewController.xib */,
				236BD51228CE9C7400687773 /* LoginViewController.swift */,
			);
			path = Views;
			sourceTree = "<group>";
		};
		230E09BE28E27AA6004AE494 /* ViewModels */ = {
			isa = PBXGroup;
			children = (
				230E09BF28E27ADB004AE494 /* LoginViewModel.swift */,
			);
			path = ViewModels;
			sourceTree = "<group>";
		};
		230E09C128E27B0B004AE494 /* Models */ = {
			isa = PBXGroup;
			children = (
				235A9BA828CF92E20055BCA5 /* HeroModel.swift */,
			);
			path = Models;
			sourceTree = "<group>";
		};
		230E09C228E27B13004AE494 /* Views */ = {
			isa = PBXGroup;
			children = (
				234AB70528CEA77300562E81 /* TableViewCell */,
			);
			path = Views;
			sourceTree = "<group>";
		};
		230E09C328E27B19004AE494 /* ViewModels */ = {
			isa = PBXGroup;
			children = (
				230E09C728E27C01004AE494 /* HeroesTableViewModel.swift */,
			);
			path = ViewModels;
			sourceTree = "<group>";
		};
		230E09C528E27B71004AE494 /* Settings */ = {
			isa = PBXGroup;
			children = (
				230E09C628E27B7C004AE494 /* Views */,
			);
			path = Settings;
			sourceTree = "<group>";
		};
		230E09C628E27B7C004AE494 /* Views */ = {
			isa = PBXGroup;
			children = (
				237C1F8C28D156A90011ED29 /* SettingsViewController.xib */,
				237C1F8B28D156A90011ED29 /* SettingsViewController.swift */,
			);
			path = Views;
			sourceTree = "<group>";
		};
		230E09C928E27C57004AE494 /* Models */ = {
			isa = PBXGroup;
			children = (
				237C1F8F28D15CCE0011ED29 /* TransformationModel.swift */,
			);
			path = Models;
			sourceTree = "<group>";
		};
		230E09CA28E27C5B004AE494 /* Views */ = {
			isa = PBXGroup;
			children = (
				237C1F9228D160B50011ED29 /* TransformationsTableViewController.xib */,
				237C1F9128D160B50011ED29 /* TransformationsTableViewController.swift */,
			);
			path = Views;
			sourceTree = "<group>";
		};
		230E09CB28E27C62004AE494 /* ViewModels */ = {
			isa = PBXGroup;
			children = (
				230E09CF28E27CB8004AE494 /* TransformationsTableViewModel.swift */,
			);
			path = ViewModels;
			sourceTree = "<group>";
		};
		230E09CC28E27C6D004AE494 /* ViewModels */ = {
			isa = PBXGroup;
			children = (
				230E09CD28E27C89004AE494 /* DetailViewModel.swift */,
			);
			path = ViewModels;
			sourceTree = "<group>";
		};
		230E09D128E27CF0004AE494 /* CustomTabBar */ = {
			isa = PBXGroup;
			children = (
				237C1F8928D156710011ED29 /* CustomTabBarController.swift */,
			);
			path = CustomTabBar;
			sourceTree = "<group>";
		};
		230E883A28C04295007155BA = {
			isa = PBXGroup;
			children = (
				230E884528C04295007155BA /* PracticaiOSAvanzado */,
				230E885C28C04296007155BA /* PracticaiOSAvanzadoTests */,
				230E884428C04295007155BA /* Products */,
			);
			sourceTree = "<group>";
		};
		230E884428C04295007155BA /* Products */ = {
			isa = PBXGroup;
			children = (
				230E884328C04295007155BA /* PracticaiOSAvanzado.app */,
				230E885928C04296007155BA /* PracticaiOSAvanzadoTests.xctest */,
			);
			name = Products;
			sourceTree = "<group>";
		};
		230E884528C04295007155BA /* PracticaiOSAvanzado */ = {
			isa = PBXGroup;
			children = (
				236BD51128CE9C4D00687773 /* App */,
				230E09BC28E27A68004AE494 /* Domain */,
				230E09B728E27992004AE494 /* UI */,
				23B609DA28D55A0B00E526E6 /* Extensions */,
				236BD51028CE9C3B00687773 /* Resources */,
				230E885128C04296007155BA /* LaunchScreen.storyboard */,
				230E885428C04296007155BA /* Info.plist */,
			);
			path = PracticaiOSAvanzado;
			sourceTree = "<group>";
		};
		230E885C28C04296007155BA /* PracticaiOSAvanzadoTests */ = {
			isa = PBXGroup;
			children = (
				23B609E428D57D3C00E526E6 /* heroes.json */,
				23B609E628D57D3C00E526E6 /* noHeroes.json */,
				23B609E528D57D3C00E526E6 /* transformations.json */,
				23B609E328D57D3B00E526E6 /* noTransformations.json */,
				23957CB328D422F30049F1B5 /* LocalDataModelTets.swift */,
				2364F6E328D4CF160077D7A1 /* NetworkModelTests.swift */,
				2311CEE328D635C300C3AFEC /* URLSessionMock.swift */,
			);
			path = PracticaiOSAvanzadoTests;
			sourceTree = "<group>";
		};
		234AB70528CEA77300562E81 /* TableViewCell */ = {
			isa = PBXGroup;
			children = (
				234AB70128CEA76B00562E81 /* TableViewCell.swift */,
				234AB70228CEA76B00562E81 /* TableViewCell.xib */,
			);
			path = TableViewCell;
			sourceTree = "<group>";
		};
		236BD50D28CE9C1A00687773 /* Models */ = {
			isa = PBXGroup;
			children = (
				23B190AF28D020CE00CA88BD /* LocalDataModel.swift */,
				235A9BAC28CFA2AF0055BCA5 /* NetworkModel.swift */,
			);
			path = Models;
			sourceTree = "<group>";
		};
		236BD50E28CE9C2200687773 /* Views */ = {
			isa = PBXGroup;
			children = (
				23532BFB28CEB9AE00C23C60 /* DetailViewController.xib */,
				23532BFA28CEB9AE00C23C60 /* DetailViewController.swift */,
			);
			path = Views;
			sourceTree = "<group>";
		};
		236BD51028CE9C3B00687773 /* Resources */ = {
			isa = PBXGroup;
			children = (
				230E884F28C04296007155BA /* Assets.xcassets */,
			);
			path = Resources;
			sourceTree = "<group>";
		};
		236BD51128CE9C4D00687773 /* App */ = {
			isa = PBXGroup;
			children = (
				230E884628C04295007155BA /* AppDelegate.swift */,
				230E884828C04295007155BA /* SceneDelegate.swift */,
			);
			path = App;
			sourceTree = "<group>";
		};
		23B609DA28D55A0B00E526E6 /* Extensions */ = {
			isa = PBXGroup;
			children = (
				23B609D828D55A0300E526E6 /* UIViewControllerExtension.swift */,
				235A9BAA28CF956B0055BCA5 /* UIImageViewExtension.swift */,
			);
			path = Extensions;
			sourceTree = "<group>";
		};
		23E1D29128E13F5C006C7AC0 /* CoreData */ = {
			isa = PBXGroup;
			children = (
				23E1D29528E141C3006C7AC0 /* CDHero+CoreDataClass.swift */,
				238E0DAA28E1DA870065AA65 /* CDHero+CoreDataProperties.swift */,
				238E0DA428E1DA1A0065AA65 /* CDTransformation+CoreDataClass.swift */,
				238E0DA528E1DA1A0065AA65 /* CDTransformation+CoreDataProperties.swift */,
				238E0DA228E1C6570065AA65 /* CoreDataManager.swift */,
				23E1D29228E13FA2006C7AC0 /* DBZ.xcdatamodeld */,
			);
			path = CoreData;
			sourceTree = "<group>";
		};
/* End PBXGroup section */

/* Begin PBXNativeTarget section */
		230E884228C04295007155BA /* PracticaiOSAvanzado */ = {
			isa = PBXNativeTarget;
			buildConfigurationList = 230E886D28C04296007155BA /* Build configuration list for PBXNativeTarget "PracticaiOSAvanzado" */;
			buildPhases = (
				230E883F28C04295007155BA /* Sources */,
				230E884028C04295007155BA /* Frameworks */,
				230E884128C04295007155BA /* Resources */,
			);
			buildRules = (
			);
			dependencies = (
			);
			name = PracticaiOSAvanzado;
			packageProductDependencies = (
				231F58D628E27F4500C4AF6F /* KeychainSwift */,
			);
			productName = PracticaFundamentosiOS;
			productReference = 230E884328C04295007155BA /* PracticaiOSAvanzado.app */;
			productType = "com.apple.product-type.application";
		};
		230E885828C04296007155BA /* PracticaiOSAvanzadoTests */ = {
			isa = PBXNativeTarget;
			buildConfigurationList = 230E887028C04296007155BA /* Build configuration list for PBXNativeTarget "PracticaiOSAvanzadoTests" */;
			buildPhases = (
				230E885528C04296007155BA /* Sources */,
				230E885628C04296007155BA /* Frameworks */,
				230E885728C04296007155BA /* Resources */,
			);
			buildRules = (
			);
			dependencies = (
				230E885B28C04296007155BA /* PBXTargetDependency */,
			);
			name = PracticaiOSAvanzadoTests;
			productName = PracticaFundamentosiOSTests;
			productReference = 230E885928C04296007155BA /* PracticaiOSAvanzadoTests.xctest */;
			productType = "com.apple.product-type.bundle.unit-test";
		};
/* End PBXNativeTarget section */

/* Begin PBXProject section */
		230E883B28C04295007155BA /* Project object */ = {
			isa = PBXProject;
			attributes = {
				BuildIndependentTargetsInParallel = 1;
				LastSwiftUpdateCheck = 1340;
				LastUpgradeCheck = 1340;
				TargetAttributes = {
					230E884228C04295007155BA = {
						CreatedOnToolsVersion = 13.4.1;
					};
					230E885828C04296007155BA = {
						CreatedOnToolsVersion = 13.4.1;
						TestTargetID = 230E884228C04295007155BA;
					};
				};
			};
			buildConfigurationList = 230E883E28C04295007155BA /* Build configuration list for PBXProject "PracticaiOSAvanzado" */;
			compatibilityVersion = "Xcode 13.0";
			developmentRegion = en;
			hasScannedForEncodings = 0;
			knownRegions = (
				en,
				Base,
			);
			mainGroup = 230E883A28C04295007155BA;
			packageReferences = (
				231F58D528E27F4500C4AF6F /* XCRemoteSwiftPackageReference "keychain-swift" */,
			);
			productRefGroup = 230E884428C04295007155BA /* Products */;
			projectDirPath = "";
			projectRoot = "";
			targets = (
				230E884228C04295007155BA /* PracticaiOSAvanzado */,
				230E885828C04296007155BA /* PracticaiOSAvanzadoTests */,
			);
		};
/* End PBXProject section */

/* Begin PBXResourcesBuildPhase section */
		230E884128C04295007155BA /* Resources */ = {
			isa = PBXResourcesBuildPhase;
			buildActionMask = 2147483647;
			files = (
				237C1F9428D160B50011ED29 /* TransformationsTableViewController.xib in Resources */,
				230E885328C04296007155BA /* LaunchScreen.storyboard in Resources */,
				23532BFD28CEB9AE00C23C60 /* DetailViewController.xib in Resources */,
				234AB70428CEA76B00562E81 /* TableViewCell.xib in Resources */,
				230E885028C04296007155BA /* Assets.xcassets in Resources */,
				236BD51528CE9C7400687773 /* LoginViewController.xib in Resources */,
				237C1F8E28D156A90011ED29 /* SettingsViewController.xib in Resources */,
				236BD51928CEA3AD00687773 /* HeroesTableViewController.xib in Resources */,
			);
			runOnlyForDeploymentPostprocessing = 0;
		};
		230E885728C04296007155BA /* Resources */ = {
			isa = PBXResourcesBuildPhase;
			buildActionMask = 2147483647;
			files = (
				23B609EA28D57D3C00E526E6 /* noHeroes.json in Resources */,
				23B609E728D57D3C00E526E6 /* noTransformations.json in Resources */,
				23B609E828D57D3C00E526E6 /* heroes.json in Resources */,
				23B609E928D57D3C00E526E6 /* transformations.json in Resources */,
			);
			runOnlyForDeploymentPostprocessing = 0;
		};
/* End PBXResourcesBuildPhase section */

/* Begin PBXSourcesBuildPhase section */
		230E883F28C04295007155BA /* Sources */ = {
			isa = PBXSourcesBuildPhase;
			buildActionMask = 2147483647;
			files = (
				234AB70328CEA76B00562E81 /* TableViewCell.swift in Sources */,
				238E0DA628E1DA1A0065AA65 /* CDTransformation+CoreDataClass.swift in Sources */,
				230E09C028E27ADB004AE494 /* LoginViewModel.swift in Sources */,
				236BD51428CE9C7400687773 /* LoginViewController.swift in Sources */,
				23B609D928D55A0300E526E6 /* UIViewControllerExtension.swift in Sources */,
				238E0DA728E1DA1A0065AA65 /* CDTransformation+CoreDataProperties.swift in Sources */,
				238E0DA328E1C6570065AA65 /* CoreDataManager.swift in Sources */,
				230E09CE28E27C89004AE494 /* DetailViewModel.swift in Sources */,
				230E884728C04295007155BA /* AppDelegate.swift in Sources */,
				23B190B028D020CE00CA88BD /* LocalDataModel.swift in Sources */,
				235A9BAD28CFA2AF0055BCA5 /* NetworkModel.swift in Sources */,
				230E09D028E27CB8004AE494 /* TransformationsTableViewModel.swift in Sources */,
				23E1D29728E141C3006C7AC0 /* CDHero+CoreDataClass.swift in Sources */,
				237C1F8A28D156710011ED29 /* CustomTabBarController.swift in Sources */,
				23532BFC28CEB9AE00C23C60 /* DetailViewController.swift in Sources */,
				23E1D29428E13FA2006C7AC0 /* DBZ.xcdatamodeld in Sources */,
				235A9BA928CF92E20055BCA5 /* HeroModel.swift in Sources */,
				237C1F9328D160B50011ED29 /* TransformationsTableViewController.swift in Sources */,
				230E884928C04295007155BA /* SceneDelegate.swift in Sources */,
				238E0DAB28E1DA870065AA65 /* CDHero+CoreDataProperties.swift in Sources */,
				230E09C828E27C01004AE494 /* HeroesTableViewModel.swift in Sources */,
				237C1F9028D15CCE0011ED29 /* TransformationModel.swift in Sources */,
				235A9BAB28CF956B0055BCA5 /* UIImageViewExtension.swift in Sources */,
				236BD51828CEA3AD00687773 /* HeroesTableViewController.swift in Sources */,
				237C1F8D28D156A90011ED29 /* SettingsViewController.swift in Sources */,
			);
			runOnlyForDeploymentPostprocessing = 0;
		};
		230E885528C04296007155BA /* Sources */ = {
			isa = PBXSourcesBuildPhase;
			buildActionMask = 2147483647;
			files = (
				2311CEE428D635C300C3AFEC /* URLSessionMock.swift in Sources */,
				2364F6E428D4CF160077D7A1 /* NetworkModelTests.swift in Sources */,
				23957CB428D422F30049F1B5 /* LocalDataModelTets.swift in Sources */,
			);
			runOnlyForDeploymentPostprocessing = 0;
		};
/* End PBXSourcesBuildPhase section */

/* Begin PBXTargetDependency section */
		230E885B28C04296007155BA /* PBXTargetDependency */ = {
			isa = PBXTargetDependency;
			target = 230E884228C04295007155BA /* PracticaiOSAvanzado */;
			targetProxy = 230E885A28C04296007155BA /* PBXContainerItemProxy */;
		};
/* End PBXTargetDependency section */

/* Begin PBXVariantGroup section */
		230E885128C04296007155BA /* LaunchScreen.storyboard */ = {
			isa = PBXVariantGroup;
			children = (
				230E885228C04296007155BA /* Base */,
			);
			name = LaunchScreen.storyboard;
			sourceTree = "<group>";
		};
/* End PBXVariantGroup section */

/* Begin XCBuildConfiguration section */
		230E886B28C04296007155BA /* Debug */ = {
			isa = XCBuildConfiguration;
			buildSettings = {
				ALWAYS_SEARCH_USER_PATHS = NO;
				CLANG_ANALYZER_NONNULL = YES;
				CLANG_ANALYZER_NUMBER_OBJECT_CONVERSION = YES_AGGRESSIVE;
				CLANG_CXX_LANGUAGE_STANDARD = "gnu++17";
				CLANG_ENABLE_MODULES = YES;
				CLANG_ENABLE_OBJC_ARC = YES;
				CLANG_ENABLE_OBJC_WEAK = YES;
				CLANG_WARN_BLOCK_CAPTURE_AUTORELEASING = YES;
				CLANG_WARN_BOOL_CONVERSION = YES;
				CLANG_WARN_COMMA = YES;
				CLANG_WARN_CONSTANT_CONVERSION = YES;
				CLANG_WARN_DEPRECATED_OBJC_IMPLEMENTATIONS = YES;
				CLANG_WARN_DIRECT_OBJC_ISA_USAGE = YES_ERROR;
				CLANG_WARN_DOCUMENTATION_COMMENTS = YES;
				CLANG_WARN_EMPTY_BODY = YES;
				CLANG_WARN_ENUM_CONVERSION = YES;
				CLANG_WARN_INFINITE_RECURSION = YES;
				CLANG_WARN_INT_CONVERSION = YES;
				CLANG_WARN_NON_LITERAL_NULL_CONVERSION = YES;
				CLANG_WARN_OBJC_IMPLICIT_RETAIN_SELF = YES;
				CLANG_WARN_OBJC_LITERAL_CONVERSION = YES;
				CLANG_WARN_OBJC_ROOT_CLASS = YES_ERROR;
				CLANG_WARN_QUOTED_INCLUDE_IN_FRAMEWORK_HEADER = YES;
				CLANG_WARN_RANGE_LOOP_ANALYSIS = YES;
				CLANG_WARN_STRICT_PROTOTYPES = YES;
				CLANG_WARN_SUSPICIOUS_MOVE = YES;
				CLANG_WARN_UNGUARDED_AVAILABILITY = YES_AGGRESSIVE;
				CLANG_WARN_UNREACHABLE_CODE = YES;
				CLANG_WARN__DUPLICATE_METHOD_MATCH = YES;
				COPY_PHASE_STRIP = NO;
				DEBUG_INFORMATION_FORMAT = dwarf;
				ENABLE_STRICT_OBJC_MSGSEND = YES;
				ENABLE_TESTABILITY = YES;
				GCC_C_LANGUAGE_STANDARD = gnu11;
				GCC_DYNAMIC_NO_PIC = NO;
				GCC_NO_COMMON_BLOCKS = YES;
				GCC_OPTIMIZATION_LEVEL = 0;
				GCC_PREPROCESSOR_DEFINITIONS = (
					"DEBUG=1",
					"$(inherited)",
				);
				GCC_WARN_64_TO_32_BIT_CONVERSION = YES;
				GCC_WARN_ABOUT_RETURN_TYPE = YES_ERROR;
				GCC_WARN_UNDECLARED_SELECTOR = YES;
				GCC_WARN_UNINITIALIZED_AUTOS = YES_AGGRESSIVE;
				GCC_WARN_UNUSED_FUNCTION = YES;
				GCC_WARN_UNUSED_VARIABLE = YES;
				IPHONEOS_DEPLOYMENT_TARGET = 15.5;
				MTL_ENABLE_DEBUG_INFO = INCLUDE_SOURCE;
				MTL_FAST_MATH = YES;
				ONLY_ACTIVE_ARCH = YES;
				SDKROOT = iphoneos;
				SWIFT_ACTIVE_COMPILATION_CONDITIONS = DEBUG;
				SWIFT_OPTIMIZATION_LEVEL = "-Onone";
			};
			name = Debug;
		};
		230E886C28C04296007155BA /* Release */ = {
			isa = XCBuildConfiguration;
			buildSettings = {
				ALWAYS_SEARCH_USER_PATHS = NO;
				CLANG_ANALYZER_NONNULL = YES;
				CLANG_ANALYZER_NUMBER_OBJECT_CONVERSION = YES_AGGRESSIVE;
				CLANG_CXX_LANGUAGE_STANDARD = "gnu++17";
				CLANG_ENABLE_MODULES = YES;
				CLANG_ENABLE_OBJC_ARC = YES;
				CLANG_ENABLE_OBJC_WEAK = YES;
				CLANG_WARN_BLOCK_CAPTURE_AUTORELEASING = YES;
				CLANG_WARN_BOOL_CONVERSION = YES;
				CLANG_WARN_COMMA = YES;
				CLANG_WARN_CONSTANT_CONVERSION = YES;
				CLANG_WARN_DEPRECATED_OBJC_IMPLEMENTATIONS = YES;
				CLANG_WARN_DIRECT_OBJC_ISA_USAGE = YES_ERROR;
				CLANG_WARN_DOCUMENTATION_COMMENTS = YES;
				CLANG_WARN_EMPTY_BODY = YES;
				CLANG_WARN_ENUM_CONVERSION = YES;
				CLANG_WARN_INFINITE_RECURSION = YES;
				CLANG_WARN_INT_CONVERSION = YES;
				CLANG_WARN_NON_LITERAL_NULL_CONVERSION = YES;
				CLANG_WARN_OBJC_IMPLICIT_RETAIN_SELF = YES;
				CLANG_WARN_OBJC_LITERAL_CONVERSION = YES;
				CLANG_WARN_OBJC_ROOT_CLASS = YES_ERROR;
				CLANG_WARN_QUOTED_INCLUDE_IN_FRAMEWORK_HEADER = YES;
				CLANG_WARN_RANGE_LOOP_ANALYSIS = YES;
				CLANG_WARN_STRICT_PROTOTYPES = YES;
				CLANG_WARN_SUSPICIOUS_MOVE = YES;
				CLANG_WARN_UNGUARDED_AVAILABILITY = YES_AGGRESSIVE;
				CLANG_WARN_UNREACHABLE_CODE = YES;
				CLANG_WARN__DUPLICATE_METHOD_MATCH = YES;
				COPY_PHASE_STRIP = NO;
				DEBUG_INFORMATION_FORMAT = "dwarf-with-dsym";
				ENABLE_NS_ASSERTIONS = NO;
				ENABLE_STRICT_OBJC_MSGSEND = YES;
				GCC_C_LANGUAGE_STANDARD = gnu11;
				GCC_NO_COMMON_BLOCKS = YES;
				GCC_WARN_64_TO_32_BIT_CONVERSION = YES;
				GCC_WARN_ABOUT_RETURN_TYPE = YES_ERROR;
				GCC_WARN_UNDECLARED_SELECTOR = YES;
				GCC_WARN_UNINITIALIZED_AUTOS = YES_AGGRESSIVE;
				GCC_WARN_UNUSED_FUNCTION = YES;
				GCC_WARN_UNUSED_VARIABLE = YES;
				IPHONEOS_DEPLOYMENT_TARGET = 15.5;
				MTL_ENABLE_DEBUG_INFO = NO;
				MTL_FAST_MATH = YES;
				SDKROOT = iphoneos;
				SWIFT_COMPILATION_MODE = wholemodule;
				SWIFT_OPTIMIZATION_LEVEL = "-O";
				VALIDATE_PRODUCT = YES;
			};
			name = Release;
		};
		230E886E28C04296007155BA /* Debug */ = {
			isa = XCBuildConfiguration;
			buildSettings = {
				ASSETCATALOG_COMPILER_APPICON_NAME = AppIcon;
				ASSETCATALOG_COMPILER_GLOBAL_ACCENT_COLOR_NAME = AccentColor;
				CODE_SIGN_STYLE = Automatic;
				CURRENT_PROJECT_VERSION = 1;
				GENERATE_INFOPLIST_FILE = YES;
				INFOPLIST_FILE = PracticaiOSAvanzado/Info.plist;
				INFOPLIST_KEY_NSMainNibFile = LoginViewController;
				INFOPLIST_KEY_UIApplicationSupportsIndirectInputEvents = YES;
				INFOPLIST_KEY_UILaunchStoryboardName = LaunchScreen;
				INFOPLIST_KEY_UISupportedInterfaceOrientations_iPad = "UIInterfaceOrientationPortrait UIInterfaceOrientationPortraitUpsideDown UIInterfaceOrientationLandscapeLeft UIInterfaceOrientationLandscapeRight";
				INFOPLIST_KEY_UISupportedInterfaceOrientations_iPhone = "UIInterfaceOrientationPortrait UIInterfaceOrientationLandscapeLeft UIInterfaceOrientationLandscapeRight";
				LD_RUNPATH_SEARCH_PATHS = (
					"$(inherited)",
					"@executable_path/Frameworks",
				);
				MARKETING_VERSION = 1.0;
				PRODUCT_BUNDLE_IDENTIFIER = com.robert.rs.PracticaiOSAvanzado;
				PRODUCT_NAME = "$(TARGET_NAME)";
				SWIFT_EMIT_LOC_STRINGS = YES;
				SWIFT_VERSION = 5.0;
				TARGETED_DEVICE_FAMILY = "1,2";
			};
			name = Debug;
		};
		230E886F28C04296007155BA /* Release */ = {
			isa = XCBuildConfiguration;
			buildSettings = {
				ASSETCATALOG_COMPILER_APPICON_NAME = AppIcon;
				ASSETCATALOG_COMPILER_GLOBAL_ACCENT_COLOR_NAME = AccentColor;
				CODE_SIGN_STYLE = Automatic;
				CURRENT_PROJECT_VERSION = 1;
				GENERATE_INFOPLIST_FILE = YES;
				INFOPLIST_FILE = PracticaiOSAvanzado/Info.plist;
				INFOPLIST_KEY_NSMainNibFile = LoginViewController;
				INFOPLIST_KEY_UIApplicationSupportsIndirectInputEvents = YES;
				INFOPLIST_KEY_UILaunchStoryboardName = LaunchScreen;
				INFOPLIST_KEY_UISupportedInterfaceOrientations_iPad = "UIInterfaceOrientationPortrait UIInterfaceOrientationPortraitUpsideDown UIInterfaceOrientationLandscapeLeft UIInterfaceOrientationLandscapeRight";
				INFOPLIST_KEY_UISupportedInterfaceOrientations_iPhone = "UIInterfaceOrientationPortrait UIInterfaceOrientationLandscapeLeft UIInterfaceOrientationLandscapeRight";
				LD_RUNPATH_SEARCH_PATHS = (
					"$(inherited)",
					"@executable_path/Frameworks",
				);
				MARKETING_VERSION = 1.0;
				PRODUCT_BUNDLE_IDENTIFIER = com.robert.rs.PracticaiOSAvanzado;
				PRODUCT_NAME = "$(TARGET_NAME)";
				SWIFT_EMIT_LOC_STRINGS = YES;
				SWIFT_VERSION = 5.0;
				TARGETED_DEVICE_FAMILY = "1,2";
			};
			name = Release;
		};
		230E887128C04296007155BA /* Debug */ = {
			isa = XCBuildConfiguration;
			buildSettings = {
				ALWAYS_EMBED_SWIFT_STANDARD_LIBRARIES = YES;
				BUNDLE_LOADER = "$(TEST_HOST)";
				CODE_SIGN_STYLE = Automatic;
				CURRENT_PROJECT_VERSION = 1;
				GENERATE_INFOPLIST_FILE = YES;
				IPHONEOS_DEPLOYMENT_TARGET = 15.5;
				MARKETING_VERSION = 1.0;
				PRODUCT_BUNDLE_IDENTIFIER = com.robert.rs.PracticaFundamentosiOSTests;
				PRODUCT_NAME = "$(TARGET_NAME)";
				SWIFT_EMIT_LOC_STRINGS = NO;
				SWIFT_VERSION = 5.0;
				TARGETED_DEVICE_FAMILY = "1,2";
				TEST_HOST = "$(BUILT_PRODUCTS_DIR)/PracticaiOSAvanzado.app/PracticaiOSAvanzado";
			};
			name = Debug;
		};
		230E887228C04296007155BA /* Release */ = {
			isa = XCBuildConfiguration;
			buildSettings = {
				ALWAYS_EMBED_SWIFT_STANDARD_LIBRARIES = YES;
				BUNDLE_LOADER = "$(TEST_HOST)";
				CODE_SIGN_STYLE = Automatic;
				CURRENT_PROJECT_VERSION = 1;
				GENERATE_INFOPLIST_FILE = YES;
				IPHONEOS_DEPLOYMENT_TARGET = 15.5;
				MARKETING_VERSION = 1.0;
				PRODUCT_BUNDLE_IDENTIFIER = com.robert.rs.PracticaFundamentosiOSTests;
				PRODUCT_NAME = "$(TARGET_NAME)";
				SWIFT_EMIT_LOC_STRINGS = NO;
				SWIFT_VERSION = 5.0;
				TARGETED_DEVICE_FAMILY = "1,2";
				TEST_HOST = "$(BUILT_PRODUCTS_DIR)/PracticaiOSAvanzado.app/PracticaiOSAvanzado";
			};
			name = Release;
		};
/* End XCBuildConfiguration section */

/* Begin XCConfigurationList section */
		230E883E28C04295007155BA /* Build configuration list for PBXProject "PracticaiOSAvanzado" */ = {
			isa = XCConfigurationList;
			buildConfigurations = (
				230E886B28C04296007155BA /* Debug */,
				230E886C28C04296007155BA /* Release */,
			);
			defaultConfigurationIsVisible = 0;
			defaultConfigurationName = Release;
		};
		230E886D28C04296007155BA /* Build configuration list for PBXNativeTarget "PracticaiOSAvanzado" */ = {
			isa = XCConfigurationList;
			buildConfigurations = (
				230E886E28C04296007155BA /* Debug */,
				230E886F28C04296007155BA /* Release */,
			);
			defaultConfigurationIsVisible = 0;
			defaultConfigurationName = Release;
		};
		230E887028C04296007155BA /* Build configuration list for PBXNativeTarget "PracticaiOSAvanzadoTests" */ = {
			isa = XCConfigurationList;
			buildConfigurations = (
				230E887128C04296007155BA /* Debug */,
				230E887228C04296007155BA /* Release */,
			);
			defaultConfigurationIsVisible = 0;
			defaultConfigurationName = Release;
		};
/* End XCConfigurationList section */

/* Begin XCRemoteSwiftPackageReference section */
		231F58D528E27F4500C4AF6F /* XCRemoteSwiftPackageReference "keychain-swift" */ = {
			isa = XCRemoteSwiftPackageReference;
			repositoryURL = "https://github.com/evgenyneu/keychain-swift";
			requirement = {
				branch = master;
				kind = branch;
			};
		};
/* End XCRemoteSwiftPackageReference section */

/* Begin XCSwiftPackageProductDependency section */
		231F58D628E27F4500C4AF6F /* KeychainSwift */ = {
			isa = XCSwiftPackageProductDependency;
			package = 231F58D528E27F4500C4AF6F /* XCRemoteSwiftPackageReference "keychain-swift" */;
			productName = KeychainSwift;
		};
/* End XCSwiftPackageProductDependency section */

/* Begin XCVersionGroup section */
		23E1D29228E13FA2006C7AC0 /* DBZ.xcdatamodeld */ = {
			isa = XCVersionGroup;
			children = (
				23E1D29328E13FA2006C7AC0 /* DBZ.xcdatamodel */,
			);
			currentVersion = 23E1D29328E13FA2006C7AC0 /* DBZ.xcdatamodel */;
			path = DBZ.xcdatamodeld;
			sourceTree = "<group>";
			versionGroupType = wrapper.xcdatamodel;
		};
/* End XCVersionGroup section */
	};
	rootObject = 230E883B28C04295007155BA /* Project object */;
}
